
Microsoft Visual Studio Solution File, Format Version 12.00
# Visual Studio 2013
VisualStudioVersion = 12.0.21005.1
MinimumVisualStudioVersion = 10.0.40219.1
Project("{FAE04EC0-301F-11D3-BF4B-00C04F79EFBC}") = "SecurityManager", "001.SecurityManager\SecurityManager.csproj", "{DFEC1F2A-46B9-4F78-85C3-10A3C8E508DA}"
EndProject
Project("{2150E333-8FDC-42A3-9474-1A3956D46DE8}") = "FirstFrame", "FirstFrame", "{F7828DEB-3D07-4F80-B228-46D3F5FD40C5}"
EndProject
Project("{FAE04EC0-301F-11D3-BF4B-00C04F79EFBC}") = "01.Security", "002.Passport\Passport.Security\01.Security.csproj", "{286B47D5-6EA8-40F8-9FAF-EFAFC07791E4}"
EndProject
Project("{2150E333-8FDC-42A3-9474-1A3956D46DE8}") = "002.Passport", "002.Passport", "{05226699-F635-4943-8F1B-83D3E7D7EEAE}"
EndProject
Project("{2150E333-8FDC-42A3-9474-1A3956D46DE8}") = "007.FileIO", "007.FileIO", "{EDD8749C-CB61-41AE-8C79-53BA81135C5E}"
EndProject
Project("{FAE04EC0-301F-11D3-BF4B-00C04F79EFBC}") = "FileIO_ALIYUN", "007.FileIO\aliyun_dotnet_sdk_20150115\FileIO_ALIYUN\FileIO_ALIYUN.csproj", "{A916B7BD-7EA4-47DC-A529-C67029E4E45E}"
EndProject
Project("{FAE04EC0-301F-11D3-BF4B-00C04F79EFBC}") = "aliyun-oss-sdk", "007.FileIO\aliyun_dotnet_sdk_20150115\src\aliyun-oss-sdk.csproj", "{67BDC800-084C-4F84-8A80-661B5AFE499A}"
EndProject
Project("{FAE04EC0-301F-11D3-BF4B-00C04F79EFBC}") = "02.Security.Client", "002.Passport\Passport.Security.Client\02.Security.Client.csproj", "{02DFE356-42E1-463F-8D86-2D711DEFEA5F}"
EndProject
Project("{FAE04EC0-301F-11D3-BF4B-00C04F79EFBC}") = "03.Security.Tester", "002.Passport\Passport.Security.Tester\03.Security.Tester.csproj", "{D7857B60-8E6F-4BB2-A76E-5EF07FE4F611}"
EndProject
Project("{2150E333-8FDC-42A3-9474-1A3956D46DE8}") = "003.Dapper", "003.Dapper", "{71E558E3-943D-44CD-96BC-E239A76F9911}"
EndProject
Project("{FAE04EC0-301F-11D3-BF4B-00C04F79EFBC}") = "01.Dapper", "003.Dapper\Dapper\01.Dapper.csproj", "{3B6420EE-B07E-48DD-8A84-E87A92EA899A}"
EndProject
Project("{FAE04EC0-301F-11D3-BF4B-00C04F79EFBC}") = "02.Dapper.Common", "003.Dapper\Dapper.Common\02.Dapper.Common.csproj", "{7B66DE88-C7D1-4558-A444-1E3F49606148}"
EndProject
Project("{FAE04EC0-301F-11D3-BF4B-00C04F79EFBC}") = "03.DapperTest", "003.Dapper\DapperTest\03.DapperTest.csproj", "{8E34E11B-23A1-4137-B76A-3370E37B9378}"
EndProject
Project("{FAE04EC0-301F-11D3-BF4B-00C04F79EFBC}") = "Const", "005.Const\Const.csproj", "{476D6263-B104-4E43-B0DF-879356E44E17}"
EndProject
Project("{FAE04EC0-301F-11D3-BF4B-00C04F79EFBC}") = "PacketProtocol", "099.PacketProtocol\PacketProtocol.csproj", "{6BEE0F49-AF2E-4536-81D2-10D1BF39B980}"
EndProject
Project("{2150E333-8FDC-42A3-9474-1A3956D46DE8}") = "008.PushMessage", "008.PushMessage", "{4607EB69-0856-425E-BD68-5F80042B0C95}"
EndProject
Project("{FAE04EC0-301F-11D3-BF4B-00C04F79EFBC}") = "BaiduPush", "008.PushMessage\Baidu\BaiduPush\BaiduPush.csproj", "{87DE1AE0-8C11-4C4A-A1EB-48C0DE18EDC2}"
EndProject
Project("{FAE04EC0-301F-11D3-BF4B-00C04F79EFBC}") = "SmsPush", "008.PushMessage\Sms\SmsPush\SmsPush.csproj", "{945D99B1-5F8C-4CD8-B419-DBCAF4C38E49}"
EndProject
Project("{FAE04EC0-301F-11D3-BF4B-00C04F79EFBC}") = "SmsPushTester", "008.PushMessage\Sms\SmsPushTester\SmsPushTester\SmsPushTester.csproj", "{3009CDA4-9F5D-41AC-864A-C869D6286340}"
EndProject
Project("{2150E333-8FDC-42A3-9474-1A3956D46DE8}") = "010.Helper", "010.Helper", "{603C1860-0C09-47F1-84E7-103F301B6242}"
EndProject
Project("{FAE04EC0-301F-11D3-BF4B-00C04F79EFBC}") = "LogHelper", "010.Helpler\LogHelper\LogHelper.csproj", "{856BD1DA-BE51-432C-91F2-6AA3BD6954DF}"
EndProject
Project("{2150E333-8FDC-42A3-9474-1A3956D46DE8}") = "009.SharpZip", "009.SharpZip", "{D1128A74-F641-416D-9E8E-BCC7F943B3C7}"
EndProject
Project("{FAE04EC0-301F-11D3-BF4B-00C04F79EFBC}") = "ICSharpCode.SharpZLib", "009.SharpZip\src\ICSharpCode.SharpZLib.csproj", "{0E7413FF-EB9E-4714-ACF2-BE3A6A7B2FFD}"
EndProject
Project("{2150E333-8FDC-42A3-9474-1A3956D46DE8}") = "001.SecurityManager", "001.SecurityManager", "{C66365BA-6222-44F6-8713-9C5B21B3A56E}"
EndProject
Project("{2150E333-8FDC-42A3-9474-1A3956D46DE8}") = "004.Caching", "004.Caching", "{EAE4B76B-5788-4338-A7A4-45D674C05090}"
EndProject
Project("{2150E333-8FDC-42A3-9474-1A3956D46DE8}") = "005.Const", "005.Const", "{078EFB5B-108F-4FF4-ABAC-F38DBDA92D69}"
EndProject
Project("{2150E333-8FDC-42A3-9474-1A3956D46DE8}") = "099.PacketProtocol", "099.PacketProtocol", "{00B057DA-1703-4BF8-A769-80E217487EEE}"
EndProject
Project("{2150E333-8FDC-42A3-9474-1A3956D46DE8}") = "100.NetIO", "100.NetIO", "{0F920041-EDBA-4610-9C95-252873CD369F}"
EndProject
Project("{FAE04EC0-301F-11D3-BF4B-00C04F79EFBC}") = "NetIO", "100.NetIO\NetIO.csproj", "{9D2BCE97-2BEA-4E0D-BED5-ECF76245067D}"
EndProject
Project("{FAE04EC0-301F-11D3-BF4B-00C04F79EFBC}") = "IniHelper", "010.Helpler\IniHelper\IniHelper.csproj", "{EF977A53-2486-4207-8C17-02B54C761A2F}"
EndProject
Project("{2150E333-8FDC-42A3-9474-1A3956D46DE8}") = "011.DataModel", "011.DataModel", "{A23EC884-318B-488A-BFF4-44C489042021}"
EndProject
Project("{FAE04EC0-301F-11D3-BF4B-00C04F79EFBC}") = "01.DataModel", "011.DataModel\01.DataModel\01.DataModel.csproj", "{FADF5789-EE86-42C0-88B8-3555FBA41B3C}"
EndProject
Project("{2150E333-8FDC-42A3-9474-1A3956D46DE8}") = "012.Task", "012.Task", "{7FEDA0EE-6715-4C41-9A57-089697246ABA}"
EndProject
Project("{FAE04EC0-301F-11D3-BF4B-00C04F79EFBC}") = "01.Task", "012.Task\01.Task\01.Task.csproj", "{4B3092F3-4450-478A-AA79-7838ADB49771}"
EndProject
Project("{2150E333-8FDC-42A3-9474-1A3956D46DE8}") = "013.SystemTools", "013.SystemTools", "{853A385E-EE13-4091-9C0C-CF30D73CEC5A}"
EndProject
Project("{2150E333-8FDC-42A3-9474-1A3956D46DE8}") = "01.WinAPI", "01.WinAPI", "{C7A6C776-0A7C-4DCD-AD38-0CFC832C5698}"
EndProject
Project("{FAE04EC0-301F-11D3-BF4B-00C04F79EFBC}") = "WinAPI", "013.SystemTools\WinAPI\WinAPI.csproj", "{CFA12773-08AD-4410-B7B3-838CD268BA16}"
EndProject
Project("{2150E333-8FDC-42A3-9474-1A3956D46DE8}") = "200.UI", "200.UI", "{813EF0B3-B0F6-4D1B-8726-EB7F3F2B2CAA}"
EndProject
Project("{FAE04EC0-301F-11D3-BF4B-00C04F79EFBC}") = "01.UI", "200.UI\UI\01.UI.csproj", "{5777886D-9E7F-4472-B1E5-DBE5D3EF80BC}"
EndProject
Project("{2150E333-8FDC-42A3-9474-1A3956D46DE8}") = "014.SessionManager", "014.SessionManager", "{975DA661-E87F-479C-B8F8-6D6884234A03}"
EndProject
Project("{FAE04EC0-301F-11D3-BF4B-00C04F79EFBC}") = "SessionManager", "014.SessionManager\SessionManager.csproj", "{BBE721BC-B549-4BD0-9E3A-A7C41236BC7A}"
EndProject
Project("{2150E333-8FDC-42A3-9474-1A3956D46DE8}") = "015.MessageQueue", "015.MessageQueue", "{1B75C6BE-6BA7-426A-96BE-5162A1159AAE}"
EndProject
Project("{FAE04EC0-301F-11D3-BF4B-00C04F79EFBC}") = "MessageQueueTester", "015.MessageQueue\MessageQueueTester\MessageQueueTester.csproj", "{966A7228-EF04-4D8A-BA40-539D3DCF82BE}"
EndProject
Project("{FAE04EC0-301F-11D3-BF4B-00C04F79EFBC}") = "MessageQueue", "015.MessageQueue\MessageQueue\MessageQueue\MessageQueue.csproj", "{7EE0544A-3D43-4085-8F41-F857641344A8}"
EndProject
Project("{FAE04EC0-301F-11D3-BF4B-00C04F79EFBC}") = "02.TaskTester", "012.Task\02.TaskTester\TaskTester\02.TaskTester.csproj", "{658EB858-1D53-413A-B7AB-A21046605C9F}"
EndProject
Project("{FAE04EC0-301F-11D3-BF4B-00C04F79EFBC}") = "04.DBHelper", "003.Dapper\04.DBhelper\04.DBHelper.csproj", "{38F5A50A-A684-4044-8811-2FF9745F6149}"
EndProject
Project("{FAE04EC0-301F-11D3-BF4B-00C04F79EFBC}") = "RegistryHelper", "010.Helpler\RegistryHelper\RegistryHelper.csproj", "{5C00CA78-0417-4F8E-A4A0-09A0AC7EE283}"
EndProject
Project("{FAE04EC0-301F-11D3-BF4B-00C04F79EFBC}") = "01.Caching", "004.Caching\01.Caching\01.Caching.csproj", "{746E7D06-86C6-4872-B49A-1BFA6933E049}"
EndProject
Project("{FAE04EC0-301F-11D3-BF4B-00C04F79EFBC}") = "02.CachingTester", "004.Caching\02.CachingTester\02.CachingTester.csproj", "{A1DF1E86-96A4-4E0C-800C-ECFB2766D3D1}"
EndProject
Global
	GlobalSection(SolutionConfigurationPlatforms) = preSolution
		Alpha|Any CPU = Alpha|Any CPU
		Debug|Any CPU = Debug|Any CPU
		Release|Any CPU = Release|Any CPU
	EndGlobalSection
	GlobalSection(ProjectConfigurationPlatforms) = postSolution
		{DFEC1F2A-46B9-4F78-85C3-10A3C8E508DA}.Alpha|Any CPU.ActiveCfg = Alpha|Any CPU
		{DFEC1F2A-46B9-4F78-85C3-10A3C8E508DA}.Alpha|Any CPU.Build.0 = Alpha|Any CPU
		{DFEC1F2A-46B9-4F78-85C3-10A3C8E508DA}.Debug|Any CPU.ActiveCfg = Debug|Any CPU
		{DFEC1F2A-46B9-4F78-85C3-10A3C8E508DA}.Debug|Any CPU.Build.0 = Debug|Any CPU
		{DFEC1F2A-46B9-4F78-85C3-10A3C8E508DA}.Release|Any CPU.ActiveCfg = Release|Any CPU
		{DFEC1F2A-46B9-4F78-85C3-10A3C8E508DA}.Release|Any CPU.Build.0 = Release|Any CPU
		{286B47D5-6EA8-40F8-9FAF-EFAFC07791E4}.Alpha|Any CPU.ActiveCfg = Release|Any CPU
		{286B47D5-6EA8-40F8-9FAF-EFAFC07791E4}.Alpha|Any CPU.Build.0 = Release|Any CPU
		{286B47D5-6EA8-40F8-9FAF-EFAFC07791E4}.Debug|Any CPU.ActiveCfg = Debug|Any CPU
		{286B47D5-6EA8-40F8-9FAF-EFAFC07791E4}.Debug|Any CPU.Build.0 = Debug|Any CPU
		{286B47D5-6EA8-40F8-9FAF-EFAFC07791E4}.Release|Any CPU.ActiveCfg = Release|Any CPU
		{286B47D5-6EA8-40F8-9FAF-EFAFC07791E4}.Release|Any CPU.Build.0 = Release|Any CPU
		{A916B7BD-7EA4-47DC-A529-C67029E4E45E}.Alpha|Any CPU.ActiveCfg = Release|Any CPU
		{A916B7BD-7EA4-47DC-A529-C67029E4E45E}.Alpha|Any CPU.Build.0 = Release|Any CPU
		{A916B7BD-7EA4-47DC-A529-C67029E4E45E}.Debug|Any CPU.ActiveCfg = Debug|Any CPU
		{A916B7BD-7EA4-47DC-A529-C67029E4E45E}.Debug|Any CPU.Build.0 = Debug|Any CPU
		{A916B7BD-7EA4-47DC-A529-C67029E4E45E}.Release|Any CPU.ActiveCfg = Release|Any CPU
		{A916B7BD-7EA4-47DC-A529-C67029E4E45E}.Release|Any CPU.Build.0 = Release|Any CPU
		{67BDC800-084C-4F84-8A80-661B5AFE499A}.Alpha|Any CPU.ActiveCfg = Release|Any CPU
		{67BDC800-084C-4F84-8A80-661B5AFE499A}.Alpha|Any CPU.Build.0 = Release|Any CPU
		{67BDC800-084C-4F84-8A80-661B5AFE499A}.Debug|Any CPU.ActiveCfg = Debug|Any CPU
		{67BDC800-084C-4F84-8A80-661B5AFE499A}.Debug|Any CPU.Build.0 = Debug|Any CPU
		{67BDC800-084C-4F84-8A80-661B5AFE499A}.Release|Any CPU.ActiveCfg = Release|Any CPU
		{67BDC800-084C-4F84-8A80-661B5AFE499A}.Release|Any CPU.Build.0 = Release|Any CPU
		{02DFE356-42E1-463F-8D86-2D711DEFEA5F}.Alpha|Any CPU.ActiveCfg = Release|Any CPU
		{02DFE356-42E1-463F-8D86-2D711DEFEA5F}.Alpha|Any CPU.Build.0 = Release|Any CPU
		{02DFE356-42E1-463F-8D86-2D711DEFEA5F}.Debug|Any CPU.ActiveCfg = Debug|Any CPU
		{02DFE356-42E1-463F-8D86-2D711DEFEA5F}.Debug|Any CPU.Build.0 = Debug|Any CPU
		{02DFE356-42E1-463F-8D86-2D711DEFEA5F}.Release|Any CPU.ActiveCfg = Release|Any CPU
		{02DFE356-42E1-463F-8D86-2D711DEFEA5F}.Release|Any CPU.Build.0 = Release|Any CPU
		{D7857B60-8E6F-4BB2-A76E-5EF07FE4F611}.Alpha|Any CPU.ActiveCfg = Release|Any CPU
		{D7857B60-8E6F-4BB2-A76E-5EF07FE4F611}.Alpha|Any CPU.Build.0 = Release|Any CPU
		{D7857B60-8E6F-4BB2-A76E-5EF07FE4F611}.Debug|Any CPU.ActiveCfg = Debug|Any CPU
		{D7857B60-8E6F-4BB2-A76E-5EF07FE4F611}.Debug|Any CPU.Build.0 = Debug|Any CPU
		{D7857B60-8E6F-4BB2-A76E-5EF07FE4F611}.Release|Any CPU.ActiveCfg = Release|Any CPU
		{D7857B60-8E6F-4BB2-A76E-5EF07FE4F611}.Release|Any CPU.Build.0 = Release|Any CPU
		{3B6420EE-B07E-48DD-8A84-E87A92EA899A}.Alpha|Any CPU.ActiveCfg = Release|Any CPU
		{3B6420EE-B07E-48DD-8A84-E87A92EA899A}.Alpha|Any CPU.Build.0 = Release|Any CPU
		{3B6420EE-B07E-48DD-8A84-E87A92EA899A}.Debug|Any CPU.ActiveCfg = Debug|Any CPU
		{3B6420EE-B07E-48DD-8A84-E87A92EA899A}.Debug|Any CPU.Build.0 = Debug|Any CPU
		{3B6420EE-B07E-48DD-8A84-E87A92EA899A}.Release|Any CPU.ActiveCfg = Release|Any CPU
		{3B6420EE-B07E-48DD-8A84-E87A92EA899A}.Release|Any CPU.Build.0 = Release|Any CPU
		{7B66DE88-C7D1-4558-A444-1E3F49606148}.Alpha|Any CPU.ActiveCfg = Release|Any CPU
		{7B66DE88-C7D1-4558-A444-1E3F49606148}.Alpha|Any CPU.Build.0 = Release|Any CPU
		{7B66DE88-C7D1-4558-A444-1E3F49606148}.Debug|Any CPU.ActiveCfg = Debug|Any CPU
		{7B66DE88-C7D1-4558-A444-1E3F49606148}.Debug|Any CPU.Build.0 = Debug|Any CPU
		{7B66DE88-C7D1-4558-A444-1E3F49606148}.Release|Any CPU.ActiveCfg = Release|Any CPU
		{7B66DE88-C7D1-4558-A444-1E3F49606148}.Release|Any CPU.Build.0 = Release|Any CPU
		{8E34E11B-23A1-4137-B76A-3370E37B9378}.Alpha|Any CPU.ActiveCfg = Release|Any CPU
		{8E34E11B-23A1-4137-B76A-3370E37B9378}.Alpha|Any CPU.Build.0 = Release|Any CPU
		{8E34E11B-23A1-4137-B76A-3370E37B9378}.Debug|Any CPU.ActiveCfg = Debug|Any CPU
		{8E34E11B-23A1-4137-B76A-3370E37B9378}.Debug|Any CPU.Build.0 = Debug|Any CPU
		{8E34E11B-23A1-4137-B76A-3370E37B9378}.Release|Any CPU.ActiveCfg = Release|Any CPU
		{8E34E11B-23A1-4137-B76A-3370E37B9378}.Release|Any CPU.Build.0 = Release|Any CPU
		{476D6263-B104-4E43-B0DF-879356E44E17}.Alpha|Any CPU.ActiveCfg = Release|Any CPU
		{476D6263-B104-4E43-B0DF-879356E44E17}.Alpha|Any CPU.Build.0 = Release|Any CPU
		{476D6263-B104-4E43-B0DF-879356E44E17}.Debug|Any CPU.ActiveCfg = Debug|Any CPU
		{476D6263-B104-4E43-B0DF-879356E44E17}.Debug|Any CPU.Build.0 = Debug|Any CPU
		{476D6263-B104-4E43-B0DF-879356E44E17}.Release|Any CPU.ActiveCfg = Release|Any CPU
		{476D6263-B104-4E43-B0DF-879356E44E17}.Release|Any CPU.Build.0 = Release|Any CPU
		{6BEE0F49-AF2E-4536-81D2-10D1BF39B980}.Alpha|Any CPU.ActiveCfg = Release|Any CPU
		{6BEE0F49-AF2E-4536-81D2-10D1BF39B980}.Alpha|Any CPU.Build.0 = Release|Any CPU
		{6BEE0F49-AF2E-4536-81D2-10D1BF39B980}.Debug|Any CPU.ActiveCfg = Debug|Any CPU
		{6BEE0F49-AF2E-4536-81D2-10D1BF39B980}.Debug|Any CPU.Build.0 = Debug|Any CPU
		{6BEE0F49-AF2E-4536-81D2-10D1BF39B980}.Release|Any CPU.ActiveCfg = Release|Any CPU
		{6BEE0F49-AF2E-4536-81D2-10D1BF39B980}.Release|Any CPU.Build.0 = Release|Any CPU
		{87DE1AE0-8C11-4C4A-A1EB-48C0DE18EDC2}.Alpha|Any CPU.ActiveCfg = Release|Any CPU
		{87DE1AE0-8C11-4C4A-A1EB-48C0DE18EDC2}.Alpha|Any CPU.Build.0 = Release|Any CPU
		{87DE1AE0-8C11-4C4A-A1EB-48C0DE18EDC2}.Debug|Any CPU.ActiveCfg = Debug|Any CPU
		{87DE1AE0-8C11-4C4A-A1EB-48C0DE18EDC2}.Debug|Any CPU.Build.0 = Debug|Any CPU
		{87DE1AE0-8C11-4C4A-A1EB-48C0DE18EDC2}.Release|Any CPU.ActiveCfg = Release|Any CPU
		{87DE1AE0-8C11-4C4A-A1EB-48C0DE18EDC2}.Release|Any CPU.Build.0 = Release|Any CPU
		{945D99B1-5F8C-4CD8-B419-DBCAF4C38E49}.Alpha|Any CPU.ActiveCfg = Release|Any CPU
		{945D99B1-5F8C-4CD8-B419-DBCAF4C38E49}.Alpha|Any CPU.Build.0 = Release|Any CPU
		{945D99B1-5F8C-4CD8-B419-DBCAF4C38E49}.Debug|Any CPU.ActiveCfg = Debug|Any CPU
		{945D99B1-5F8C-4CD8-B419-DBCAF4C38E49}.Debug|Any CPU.Build.0 = Debug|Any CPU
		{945D99B1-5F8C-4CD8-B419-DBCAF4C38E49}.Release|Any CPU.ActiveCfg = Release|Any CPU
		{945D99B1-5F8C-4CD8-B419-DBCAF4C38E49}.Release|Any CPU.Build.0 = Release|Any CPU
		{3009CDA4-9F5D-41AC-864A-C869D6286340}.Alpha|Any CPU.ActiveCfg = Release|Any CPU
		{3009CDA4-9F5D-41AC-864A-C869D6286340}.Alpha|Any CPU.Build.0 = Release|Any CPU
		{3009CDA4-9F5D-41AC-864A-C869D6286340}.Debug|Any CPU.ActiveCfg = Debug|Any CPU
		{3009CDA4-9F5D-41AC-864A-C869D6286340}.Debug|Any CPU.Build.0 = Debug|Any CPU
		{3009CDA4-9F5D-41AC-864A-C869D6286340}.Release|Any CPU.ActiveCfg = Release|Any CPU
		{3009CDA4-9F5D-41AC-864A-C869D6286340}.Release|Any CPU.Build.0 = Release|Any CPU
		{856BD1DA-BE51-432C-91F2-6AA3BD6954DF}.Alpha|Any CPU.ActiveCfg = Release|Any CPU
		{856BD1DA-BE51-432C-91F2-6AA3BD6954DF}.Alpha|Any CPU.Build.0 = Release|Any CPU
		{856BD1DA-BE51-432C-91F2-6AA3BD6954DF}.Debug|Any CPU.ActiveCfg = Debug|Any CPU
		{856BD1DA-BE51-432C-91F2-6AA3BD6954DF}.Debug|Any CPU.Build.0 = Debug|Any CPU
		{856BD1DA-BE51-432C-91F2-6AA3BD6954DF}.Release|Any CPU.ActiveCfg = Release|Any CPU
		{856BD1DA-BE51-432C-91F2-6AA3BD6954DF}.Release|Any CPU.Build.0 = Release|Any CPU
		{0E7413FF-EB9E-4714-ACF2-BE3A6A7B2FFD}.Alpha|Any CPU.ActiveCfg = Debug|Any CPU
		{0E7413FF-EB9E-4714-ACF2-BE3A6A7B2FFD}.Alpha|Any CPU.Build.0 = Debug|Any CPU
		{0E7413FF-EB9E-4714-ACF2-BE3A6A7B2FFD}.Debug|Any CPU.ActiveCfg = Debug|Any CPU
		{0E7413FF-EB9E-4714-ACF2-BE3A6A7B2FFD}.Debug|Any CPU.Build.0 = Debug|Any CPU
		{0E7413FF-EB9E-4714-ACF2-BE3A6A7B2FFD}.Release|Any CPU.ActiveCfg = Release|Any CPU
		{0E7413FF-EB9E-4714-ACF2-BE3A6A7B2FFD}.Release|Any CPU.Build.0 = Release|Any CPU
		{9D2BCE97-2BEA-4E0D-BED5-ECF76245067D}.Alpha|Any CPU.ActiveCfg = Release|Any CPU
		{9D2BCE97-2BEA-4E0D-BED5-ECF76245067D}.Alpha|Any CPU.Build.0 = Release|Any CPU
		{9D2BCE97-2BEA-4E0D-BED5-ECF76245067D}.Debug|Any CPU.ActiveCfg = Debug|Any CPU
		{9D2BCE97-2BEA-4E0D-BED5-ECF76245067D}.Debug|Any CPU.Build.0 = Debug|Any CPU
		{9D2BCE97-2BEA-4E0D-BED5-ECF76245067D}.Release|Any CPU.ActiveCfg = Release|Any CPU
		{9D2BCE97-2BEA-4E0D-BED5-ECF76245067D}.Release|Any CPU.Build.0 = Release|Any CPU
		{EF977A53-2486-4207-8C17-02B54C761A2F}.Alpha|Any CPU.ActiveCfg = Release|Any CPU
		{EF977A53-2486-4207-8C17-02B54C761A2F}.Alpha|Any CPU.Build.0 = Release|Any CPU
		{EF977A53-2486-4207-8C17-02B54C761A2F}.Debug|Any CPU.ActiveCfg = Debug|Any CPU
		{EF977A53-2486-4207-8C17-02B54C761A2F}.Debug|Any CPU.Build.0 = Debug|Any CPU
		{EF977A53-2486-4207-8C17-02B54C761A2F}.Release|Any CPU.ActiveCfg = Release|Any CPU
		{EF977A53-2486-4207-8C17-02B54C761A2F}.Release|Any CPU.Build.0 = Release|Any CPU
		{FADF5789-EE86-42C0-88B8-3555FBA41B3C}.Alpha|Any CPU.ActiveCfg = Release|Any CPU
		{FADF5789-EE86-42C0-88B8-3555FBA41B3C}.Alpha|Any CPU.Build.0 = Release|Any CPU
		{FADF5789-EE86-42C0-88B8-3555FBA41B3C}.Debug|Any CPU.ActiveCfg = Debug|Any CPU
		{FADF5789-EE86-42C0-88B8-3555FBA41B3C}.Debug|Any CPU.Build.0 = Debug|Any CPU
		{FADF5789-EE86-42C0-88B8-3555FBA41B3C}.Release|Any CPU.ActiveCfg = Release|Any CPU
		{FADF5789-EE86-42C0-88B8-3555FBA41B3C}.Release|Any CPU.Build.0 = Release|Any CPU
		{4B3092F3-4450-478A-AA79-7838ADB49771}.Alpha|Any CPU.ActiveCfg = Release|Any CPU
		{4B3092F3-4450-478A-AA79-7838ADB49771}.Alpha|Any CPU.Build.0 = Release|Any CPU
		{4B3092F3-4450-478A-AA79-7838ADB49771}.Debug|Any CPU.ActiveCfg = Debug|Any CPU
		{4B3092F3-4450-478A-AA79-7838ADB49771}.Debug|Any CPU.Build.0 = Debug|Any CPU
		{4B3092F3-4450-478A-AA79-7838ADB49771}.Release|Any CPU.ActiveCfg = Release|Any CPU
		{4B3092F3-4450-478A-AA79-7838ADB49771}.Release|Any CPU.Build.0 = Release|Any CPU
		{CFA12773-08AD-4410-B7B3-838CD268BA16}.Alpha|Any CPU.ActiveCfg = Release|Any CPU
		{CFA12773-08AD-4410-B7B3-838CD268BA16}.Alpha|Any CPU.Build.0 = Release|Any CPU
		{CFA12773-08AD-4410-B7B3-838CD268BA16}.Debug|Any CPU.ActiveCfg = Debug|Any CPU
		{CFA12773-08AD-4410-B7B3-838CD268BA16}.Debug|Any CPU.Build.0 = Debug|Any CPU
		{CFA12773-08AD-4410-B7B3-838CD268BA16}.Release|Any CPU.ActiveCfg = Release|Any CPU
		{CFA12773-08AD-4410-B7B3-838CD268BA16}.Release|Any CPU.Build.0 = Release|Any CPU
		{5777886D-9E7F-4472-B1E5-DBE5D3EF80BC}.Alpha|Any CPU.ActiveCfg = Release|Any CPU
		{5777886D-9E7F-4472-B1E5-DBE5D3EF80BC}.Alpha|Any CPU.Build.0 = Release|Any CPU
		{5777886D-9E7F-4472-B1E5-DBE5D3EF80BC}.Debug|Any CPU.ActiveCfg = Debug|Any CPU
		{5777886D-9E7F-4472-B1E5-DBE5D3EF80BC}.Debug|Any CPU.Build.0 = Debug|Any CPU
		{5777886D-9E7F-4472-B1E5-DBE5D3EF80BC}.Release|Any CPU.ActiveCfg = Release|Any CPU
		{5777886D-9E7F-4472-B1E5-DBE5D3EF80BC}.Release|Any CPU.Build.0 = Release|Any CPU
		{BBE721BC-B549-4BD0-9E3A-A7C41236BC7A}.Alpha|Any CPU.ActiveCfg = Release|Any CPU
		{BBE721BC-B549-4BD0-9E3A-A7C41236BC7A}.Alpha|Any CPU.Build.0 = Release|Any CPU
		{BBE721BC-B549-4BD0-9E3A-A7C41236BC7A}.Debug|Any CPU.ActiveCfg = Debug|Any CPU
		{BBE721BC-B549-4BD0-9E3A-A7C41236BC7A}.Debug|Any CPU.Build.0 = Debug|Any CPU
		{BBE721BC-B549-4BD0-9E3A-A7C41236BC7A}.Release|Any CPU.ActiveCfg = Release|Any CPU
		{BBE721BC-B549-4BD0-9E3A-A7C41236BC7A}.Release|Any CPU.Build.0 = Release|Any CPU
		{966A7228-EF04-4D8A-BA40-539D3DCF82BE}.Alpha|Any CPU.ActiveCfg = Release|Any CPU
		{966A7228-EF04-4D8A-BA40-539D3DCF82BE}.Alpha|Any CPU.Build.0 = Release|Any CPU
		{966A7228-EF04-4D8A-BA40-539D3DCF82BE}.Debug|Any CPU.ActiveCfg = Debug|Any CPU
		{966A7228-EF04-4D8A-BA40-539D3DCF82BE}.Debug|Any CPU.Build.0 = Debug|Any CPU
		{966A7228-EF04-4D8A-BA40-539D3DCF82BE}.Release|Any CPU.ActiveCfg = Release|Any CPU
		{966A7228-EF04-4D8A-BA40-539D3DCF82BE}.Release|Any CPU.Build.0 = Release|Any CPU
		{7EE0544A-3D43-4085-8F41-F857641344A8}.Alpha|Any CPU.ActiveCfg = Release|Any CPU
		{7EE0544A-3D43-4085-8F41-F857641344A8}.Alpha|Any CPU.Build.0 = Release|Any CPU
		{7EE0544A-3D43-4085-8F41-F857641344A8}.Debug|Any CPU.ActiveCfg = Debug|Any CPU
		{7EE0544A-3D43-4085-8F41-F857641344A8}.Debug|Any CPU.Build.0 = Debug|Any CPU
		{7EE0544A-3D43-4085-8F41-F857641344A8}.Release|Any CPU.ActiveCfg = Release|Any CPU
		{7EE0544A-3D43-4085-8F41-F857641344A8}.Release|Any CPU.Build.0 = Release|Any CPU
		{658EB858-1D53-413A-B7AB-A21046605C9F}.Alpha|Any CPU.ActiveCfg = Release|Any CPU
		{658EB858-1D53-413A-B7AB-A21046605C9F}.Alpha|Any CPU.Build.0 = Release|Any CPU
		{658EB858-1D53-413A-B7AB-A21046605C9F}.Debug|Any CPU.ActiveCfg = Debug|Any CPU
		{658EB858-1D53-413A-B7AB-A21046605C9F}.Debug|Any CPU.Build.0 = Debug|Any CPU
		{658EB858-1D53-413A-B7AB-A21046605C9F}.Release|Any CPU.ActiveCfg = Release|Any CPU
		{658EB858-1D53-413A-B7AB-A21046605C9F}.Release|Any CPU.Build.0 = Release|Any CPU
		{38F5A50A-A684-4044-8811-2FF9745F6149}.Alpha|Any CPU.ActiveCfg = Release|Any CPU
		{38F5A50A-A684-4044-8811-2FF9745F6149}.Alpha|Any CPU.Build.0 = Release|Any CPU
		{38F5A50A-A684-4044-8811-2FF9745F6149}.Debug|Any CPU.ActiveCfg = Debug|Any CPU
		{38F5A50A-A684-4044-8811-2FF9745F6149}.Debug|Any CPU.Build.0 = Debug|Any CPU
		{38F5A50A-A684-4044-8811-2FF9745F6149}.Release|Any CPU.ActiveCfg = Release|Any CPU
		{38F5A50A-A684-4044-8811-2FF9745F6149}.Release|Any CPU.Build.0 = Release|Any CPU
		{5C00CA78-0417-4F8E-A4A0-09A0AC7EE283}.Alpha|Any CPU.ActiveCfg = Release|Any CPU
		{5C00CA78-0417-4F8E-A4A0-09A0AC7EE283}.Alpha|Any CPU.Build.0 = Release|Any CPU
		{5C00CA78-0417-4F8E-A4A0-09A0AC7EE283}.Debug|Any CPU.ActiveCfg = Debug|Any CPU
		{5C00CA78-0417-4F8E-A4A0-09A0AC7EE283}.Debug|Any CPU.Build.0 = Debug|Any CPU
		{5C00CA78-0417-4F8E-A4A0-09A0AC7EE283}.Release|Any CPU.ActiveCfg = Release|Any CPU
		{5C00CA78-0417-4F8E-A4A0-09A0AC7EE283}.Release|Any CPU.Build.0 = Release|Any CPU
		{746E7D06-86C6-4872-B49A-1BFA6933E049}.Alpha|Any CPU.ActiveCfg = Release|Any CPU
		{746E7D06-86C6-4872-B49A-1BFA6933E049}.Alpha|Any CPU.Build.0 = Release|Any CPU
		{746E7D06-86C6-4872-B49A-1BFA6933E049}.Debug|Any CPU.ActiveCfg = Debug|Any CPU
		{746E7D06-86C6-4872-B49A-1BFA6933E049}.Debug|Any CPU.Build.0 = Debug|Any CPU
		{746E7D06-86C6-4872-B49A-1BFA6933E049}.Release|Any CPU.ActiveCfg = Release|Any CPU
		{746E7D06-86C6-4872-B49A-1BFA6933E049}.Release|Any CPU.Build.0 = Release|Any CPU
		{A1DF1E86-96A4-4E0C-800C-ECFB2766D3D1}.Alpha|Any CPU.ActiveCfg = Release|Any CPU
		{A1DF1E86-96A4-4E0C-800C-ECFB2766D3D1}.Alpha|Any CPU.Build.0 = Release|Any CPU
		{A1DF1E86-96A4-4E0C-800C-ECFB2766D3D1}.Debug|Any CPU.ActiveCfg = Debug|Any CPU
		{A1DF1E86-96A4-4E0C-800C-ECFB2766D3D1}.Debug|Any CPU.Build.0 = Debug|Any CPU
		{A1DF1E86-96A4-4E0C-800C-ECFB2766D3D1}.Release|Any CPU.ActiveCfg = Release|Any CPU
		{A1DF1E86-96A4-4E0C-800C-ECFB2766D3D1}.Release|Any CPU.Build.0 = Release|Any CPU
	EndGlobalSection
	GlobalSection(SolutionProperties) = preSolution
		HideSolutionNode = FALSE
	EndGlobalSection
	GlobalSection(NestedProjects) = preSolution
		{C66365BA-6222-44F6-8713-9C5B21B3A56E} = {F7828DEB-3D07-4F80-B228-46D3F5FD40C5}
		{05226699-F635-4943-8F1B-83D3E7D7EEAE} = {F7828DEB-3D07-4F80-B228-46D3F5FD40C5}
		{EDD8749C-CB61-41AE-8C79-53BA81135C5E} = {F7828DEB-3D07-4F80-B228-46D3F5FD40C5}
		{71E558E3-943D-44CD-96BC-E239A76F9911} = {F7828DEB-3D07-4F80-B228-46D3F5FD40C5}
		{078EFB5B-108F-4FF4-ABAC-F38DBDA92D69} = {F7828DEB-3D07-4F80-B228-46D3F5FD40C5}
		{00B057DA-1703-4BF8-A769-80E217487EEE} = {F7828DEB-3D07-4F80-B228-46D3F5FD40C5}
		{4607EB69-0856-425E-BD68-5F80042B0C95} = {F7828DEB-3D07-4F80-B228-46D3F5FD40C5}
		{603C1860-0C09-47F1-84E7-103F301B6242} = {F7828DEB-3D07-4F80-B228-46D3F5FD40C5}
		{D1128A74-F641-416D-9E8E-BCC7F943B3C7} = {F7828DEB-3D07-4F80-B228-46D3F5FD40C5}
		{EAE4B76B-5788-4338-A7A4-45D674C05090} = {F7828DEB-3D07-4F80-B228-46D3F5FD40C5}
		{0F920041-EDBA-4610-9C95-252873CD369F} = {F7828DEB-3D07-4F80-B228-46D3F5FD40C5}
		{A23EC884-318B-488A-BFF4-44C489042021} = {F7828DEB-3D07-4F80-B228-46D3F5FD40C5}
		{7FEDA0EE-6715-4C41-9A57-089697246ABA} = {F7828DEB-3D07-4F80-B228-46D3F5FD40C5}
		{853A385E-EE13-4091-9C0C-CF30D73CEC5A} = {F7828DEB-3D07-4F80-B228-46D3F5FD40C5}
		{813EF0B3-B0F6-4D1B-8726-EB7F3F2B2CAA} = {F7828DEB-3D07-4F80-B228-46D3F5FD40C5}
		{975DA661-E87F-479C-B8F8-6D6884234A03} = {F7828DEB-3D07-4F80-B228-46D3F5FD40C5}
		{1B75C6BE-6BA7-426A-96BE-5162A1159AAE} = {F7828DEB-3D07-4F80-B228-46D3F5FD40C5}
		{DFEC1F2A-46B9-4F78-85C3-10A3C8E508DA} = {C66365BA-6222-44F6-8713-9C5B21B3A56E}
		{286B47D5-6EA8-40F8-9FAF-EFAFC07791E4} = {05226699-F635-4943-8F1B-83D3E7D7EEAE}
		{02DFE356-42E1-463F-8D86-2D711DEFEA5F} = {05226699-F635-4943-8F1B-83D3E7D7EEAE}
		{D7857B60-8E6F-4BB2-A76E-5EF07FE4F611} = {05226699-F635-4943-8F1B-83D3E7D7EEAE}
		{A916B7BD-7EA4-47DC-A529-C67029E4E45E} = {EDD8749C-CB61-41AE-8C79-53BA81135C5E}
		{67BDC800-084C-4F84-8A80-661B5AFE499A} = {EDD8749C-CB61-41AE-8C79-53BA81135C5E}
		{3B6420EE-B07E-48DD-8A84-E87A92EA899A} = {71E558E3-943D-44CD-96BC-E239A76F9911}
		{7B66DE88-C7D1-4558-A444-1E3F49606148} = {71E558E3-943D-44CD-96BC-E239A76F9911}
		{8E34E11B-23A1-4137-B76A-3370E37B9378} = {71E558E3-943D-44CD-96BC-E239A76F9911}
		{38F5A50A-A684-4044-8811-2FF9745F6149} = {71E558E3-943D-44CD-96BC-E239A76F9911}
		{476D6263-B104-4E43-B0DF-879356E44E17} = {078EFB5B-108F-4FF4-ABAC-F38DBDA92D69}
		{6BEE0F49-AF2E-4536-81D2-10D1BF39B980} = {00B057DA-1703-4BF8-A769-80E217487EEE}
		{87DE1AE0-8C11-4C4A-A1EB-48C0DE18EDC2} = {4607EB69-0856-425E-BD68-5F80042B0C95}
		{945D99B1-5F8C-4CD8-B419-DBCAF4C38E49} = {4607EB69-0856-425E-BD68-5F80042B0C95}
		{3009CDA4-9F5D-41AC-864A-C869D6286340} = {4607EB69-0856-425E-BD68-5F80042B0C95}
		{856BD1DA-BE51-432C-91F2-6AA3BD6954DF} = {603C1860-0C09-47F1-84E7-103F301B6242}
		{EF977A53-2486-4207-8C17-02B54C761A2F} = {603C1860-0C09-47F1-84E7-103F301B6242}
		{5C00CA78-0417-4F8E-A4A0-09A0AC7EE283} = {603C1860-0C09-47F1-84E7-103F301B6242}
		{0E7413FF-EB9E-4714-ACF2-BE3A6A7B2FFD} = {D1128A74-F641-416D-9E8E-BCC7F943B3C7}
		{746E7D06-86C6-4872-B49A-1BFA6933E049} = {EAE4B76B-5788-4338-A7A4-45D674C05090}
		{A1DF1E86-96A4-4E0C-800C-ECFB2766D3D1} = {EAE4B76B-5788-4338-A7A4-45D674C05090}
		{9D2BCE97-2BEA-4E0D-BED5-ECF76245067D} = {0F920041-EDBA-4610-9C95-252873CD369F}
		{FADF5789-EE86-42C0-88B8-3555FBA41B3C} = {A23EC884-318B-488A-BFF4-44C489042021}
		{4B3092F3-4450-478A-AA79-7838ADB49771} = {7FEDA0EE-6715-4C41-9A57-089697246ABA}
		{658EB858-1D53-413A-B7AB-A21046605C9F} = {7FEDA0EE-6715-4C41-9A57-089697246ABA}
		{C7A6C776-0A7C-4DCD-AD38-0CFC832C5698} = {853A385E-EE13-4091-9C0C-CF30D73CEC5A}
		{CFA12773-08AD-4410-B7B3-838CD268BA16} = {C7A6C776-0A7C-4DCD-AD38-0CFC832C5698}
		{5777886D-9E7F-4472-B1E5-DBE5D3EF80BC} = {813EF0B3-B0F6-4D1B-8726-EB7F3F2B2CAA}
		{BBE721BC-B549-4BD0-9E3A-A7C41236BC7A} = {975DA661-E87F-479C-B8F8-6D6884234A03}
		{966A7228-EF04-4D8A-BA40-539D3DCF82BE} = {1B75C6BE-6BA7-426A-96BE-5162A1159AAE}
		{7EE0544A-3D43-4085-8F41-F857641344A8} = {1B75C6BE-6BA7-426A-96BE-5162A1159AAE}
	EndGlobalSection
EndGlobal
